// !$*UTF8*$!
{
	archiveVersion = 1;
	classes = {
	};
	objectVersion = 56;
	objects = {

/* Begin PBXBuildFile section */
		FB1ADFE12AB7AF8000941D14 /* FirebaseDatabase in Frameworks */ = {isa = PBXBuildFile; productRef = FB1ADFE02AB7AF8000941D14 /* FirebaseDatabase */; };
		FB1ADFE32AB7AF8000941D14 /* FirebaseDatabaseSwift in Frameworks */ = {isa = PBXBuildFile; productRef = FB1ADFE22AB7AF8000941D14 /* FirebaseDatabaseSwift */; };
		FB5136BF2AB754250011DE07 /* MainApp.swift in Sources */ = {isa = PBXBuildFile; fileRef = FB5136BE2AB754250011DE07 /* MainApp.swift */; };
		FB5136C12AB754250011DE07 /* ContentView.swift in Sources */ = {isa = PBXBuildFile; fileRef = FB5136C02AB754250011DE07 /* ContentView.swift */; };
		FB5136C32AB754270011DE07 /* Assets.xcassets in Resources */ = {isa = PBXBuildFile; fileRef = FB5136C22AB754270011DE07 /* Assets.xcassets */; };
		FB5136C62AB754270011DE07 /* Preview Assets.xcassets in Resources */ = {isa = PBXBuildFile; fileRef = FB5136C52AB754270011DE07 /* Preview Assets.xcassets */; };
		FB80DF5D2AB8535700E17DB6 /* PublicTotalView.swift in Sources */ = {isa = PBXBuildFile; fileRef = FB80DF5C2AB8535700E17DB6 /* PublicTotalView.swift */; };
		FB80DF5F2AB8568C00E17DB6 /* GoogleService-Info.plist in Resources */ = {isa = PBXBuildFile; fileRef = FB80DF5E2AB8568C00E17DB6 /* GoogleService-Info.plist */; };
		FB80DF612AB8580D00E17DB6 /* PublicTotalViewModel.swift in Sources */ = {isa = PBXBuildFile; fileRef = FB80DF602AB8580D00E17DB6 /* PublicTotalViewModel.swift */; };
/* End PBXBuildFile section */

/* Begin PBXFileReference section */
		FB5136BB2AB754250011DE07 /* Zikirin Counter.app */ = {isa = PBXFileReference; explicitFileType = wrapper.application; includeInIndex = 0; path = "Zikirin Counter.app"; sourceTree = BUILT_PRODUCTS_DIR; };
		FB5136BE2AB754250011DE07 /* MainApp.swift */ = {isa = PBXFileReference; lastKnownFileType = sourcecode.swift; path = MainApp.swift; sourceTree = "<group>"; };
		FB5136C02AB754250011DE07 /* ContentView.swift */ = {isa = PBXFileReference; lastKnownFileType = sourcecode.swift; path = ContentView.swift; sourceTree = "<group>"; };
		FB5136C22AB754270011DE07 /* Assets.xcassets */ = {isa = PBXFileReference; lastKnownFileType = folder.assetcatalog; path = Assets.xcassets; sourceTree = "<group>"; };
		FB5136C52AB754270011DE07 /* Preview Assets.xcassets */ = {isa = PBXFileReference; lastKnownFileType = folder.assetcatalog; path = "Preview Assets.xcassets"; sourceTree = "<group>"; };
		FB80DF5C2AB8535700E17DB6 /* PublicTotalView.swift */ = {isa = PBXFileReference; lastKnownFileType = sourcecode.swift; path = PublicTotalView.swift; sourceTree = "<group>"; };
		FB80DF5E2AB8568C00E17DB6 /* GoogleService-Info.plist */ = {isa = PBXFileReference; fileEncoding = 4; lastKnownFileType = text.plist.xml; path = "GoogleService-Info.plist"; sourceTree = "<group>"; };
		FB80DF602AB8580D00E17DB6 /* PublicTotalViewModel.swift */ = {isa = PBXFileReference; lastKnownFileType = sourcecode.swift; path = PublicTotalViewModel.swift; sourceTree = "<group>"; };
/* End PBXFileReference section */

/* Begin PBXFrameworksBuildPhase section */
		FB5136B82AB754250011DE07 /* Frameworks */ = {
			isa = PBXFrameworksBuildPhase;
			buildActionMask = 2147483647;
			files = (
				FB1ADFE32AB7AF8000941D14 /* FirebaseDatabaseSwift in Frameworks */,
				FB1ADFE12AB7AF8000941D14 /* FirebaseDatabase in Frameworks */,
			);
			runOnlyForDeploymentPostprocessing = 0;
		};
/* End PBXFrameworksBuildPhase section */

/* Begin PBXGroup section */
		FB5136B22AB754250011DE07 = {
			isa = PBXGroup;
			children = (
				FB5136BD2AB754250011DE07 /* Zikirin Counter */,
				FB5136BC2AB754250011DE07 /* Products */,
			);
			sourceTree = "<group>";
		};
		FB5136BC2AB754250011DE07 /* Products */ = {
			isa = PBXGroup;
			children = (
				FB5136BB2AB754250011DE07 /* Zikirin Counter.app */,
			);
			name = Products;
			sourceTree = "<group>";
		};
		FB5136BD2AB754250011DE07 /* Zikirin Counter */ = {
			isa = PBXGroup;
			children = (
				FB80DF5E2AB8568C00E17DB6 /* GoogleService-Info.plist */,
				FB5136C02AB754250011DE07 /* ContentView.swift */,
				FB5136BE2AB754250011DE07 /* MainApp.swift */,
				FB5136C22AB754270011DE07 /* Assets.xcassets */,
				FB5136C42AB754270011DE07 /* Preview Content */,
				FB80DF5B2AB8533200E17DB6 /* Scenes */,
			);
			path = "Zikirin Counter";
			sourceTree = "<group>";
		};
		FB5136C42AB754270011DE07 /* Preview Content */ = {
			isa = PBXGroup;
			children = (
				FB5136C52AB754270011DE07 /* Preview Assets.xcassets */,
			);
			path = "Preview Content";
			sourceTree = "<group>";
		};
		FB80DF5B2AB8533200E17DB6 /* Scenes */ = {
			isa = PBXGroup;
			children = (
				FB80DF5C2AB8535700E17DB6 /* PublicTotalView.swift */,
				FB80DF602AB8580D00E17DB6 /* PublicTotalViewModel.swift */,
			);
			path = Scenes;
			sourceTree = "<group>";
		};
/* End PBXGroup section */

/* Begin PBXNativeTarget section */
		FB5136BA2AB754250011DE07 /* Zikirin Counter */ = {
			isa = PBXNativeTarget;
			buildConfigurationList = FB5136C92AB754270011DE07 /* Build configuration list for PBXNativeTarget "Zikirin Counter" */;
			buildPhases = (
				FB5136B72AB754250011DE07 /* Sources */,
				FB5136B82AB754250011DE07 /* Frameworks */,
				FB5136B92AB754250011DE07 /* Resources */,
			);
			buildRules = (
			);
			dependencies = (
			);
			name = "Zikirin Counter";
			packageProductDependencies = (
				FB1ADFE02AB7AF8000941D14 /* FirebaseDatabase */,
				FB1ADFE22AB7AF8000941D14 /* FirebaseDatabaseSwift */,
			);
			productName = "Zikirin Counter";
			productReference = FB5136BB2AB754250011DE07 /* Zikirin Counter.app */;
			productType = "com.apple.product-type.application";
		};
/* End PBXNativeTarget section */

/* Begin PBXProject section */
		FB5136B32AB754250011DE07 /* Project object */ = {
			isa = PBXProject;
			attributes = {
				BuildIndependentTargetsInParallel = 1;
				LastSwiftUpdateCheck = 1430;
				LastUpgradeCheck = 1430;
				TargetAttributes = {
					FB5136BA2AB754250011DE07 = {
						CreatedOnToolsVersion = 14.3.1;
					};
				};
			};
			buildConfigurationList = FB5136B62AB754250011DE07 /* Build configuration list for PBXProject "Zikirin Counter" */;
			compatibilityVersion = "Xcode 14.0";
			developmentRegion = en;
			hasScannedForEncodings = 0;
			knownRegions = (
				en,
				Base,
			);
			mainGroup = FB5136B22AB754250011DE07;
			packageReferences = (
				FB1ADFDF2AB7AF8000941D14 /* XCRemoteSwiftPackageReference "firebase-ios-sdk" */,
			);
			productRefGroup = FB5136BC2AB754250011DE07 /* Products */;
			projectDirPath = "";
			projectRoot = "";
			targets = (
				FB5136BA2AB754250011DE07 /* Zikirin Counter */,
			);
		};
/* End PBXProject section */

/* Begin PBXResourcesBuildPhase section */
		FB5136B92AB754250011DE07 /* Resources */ = {
			isa = PBXResourcesBuildPhase;
			buildActionMask = 2147483647;
			files = (
				FB5136C62AB754270011DE07 /* Preview Assets.xcassets in Resources */,
				FB5136C32AB754270011DE07 /* Assets.xcassets in Resources */,
				FB80DF5F2AB8568C00E17DB6 /* GoogleService-Info.plist in Resources */,
			);
			runOnlyForDeploymentPostprocessing = 0;
		};
/* End PBXResourcesBuildPhase section */

/* Begin PBXSourcesBuildPhase section */
		FB5136B72AB754250011DE07 /* Sources */ = {
			isa = PBXSourcesBuildPhase;
			buildActionMask = 2147483647;
			files = (
				FB80DF612AB8580D00E17DB6 /* PublicTotalViewModel.swift in Sources */,
				FB5136C12AB754250011DE07 /* ContentView.swift in Sources */,
				FB5136BF2AB754250011DE07 /* MainApp.swift in Sources */,
				FB80DF5D2AB8535700E17DB6 /* PublicTotalView.swift in Sources */,
			);
			runOnlyForDeploymentPostprocessing = 0;
		};
/* End PBXSourcesBuildPhase section */

/* Begin XCBuildConfiguration section */
		FB5136C72AB754270011DE07 /* Debug */ = {
			isa = XCBuildConfiguration;
			buildSettings = {
				ALWAYS_SEARCH_USER_PATHS = NO;
				CLANG_ANALYZER_NONNULL = YES;
				CLANG_ANALYZER_NUMBER_OBJECT_CONVERSION = YES_AGGRESSIVE;
				CLANG_CXX_LANGUAGE_STANDARD = "gnu++20";
				CLANG_ENABLE_MODULES = YES;
				CLANG_ENABLE_OBJC_ARC = YES;
				CLANG_ENABLE_OBJC_WEAK = YES;
				CLANG_WARN_BLOCK_CAPTURE_AUTORELEASING = YES;
				CLANG_WARN_BOOL_CONVERSION = YES;
				CLANG_WARN_COMMA = YES;
				CLANG_WARN_CONSTANT_CONVERSION = YES;
				CLANG_WARN_DEPRECATED_OBJC_IMPLEMENTATIONS = YES;
				CLANG_WARN_DIRECT_OBJC_ISA_USAGE = YES_ERROR;
				CLANG_WARN_DOCUMENTATION_COMMENTS = YES;
				CLANG_WARN_EMPTY_BODY = YES;
				CLANG_WARN_ENUM_CONVERSION = YES;
				CLANG_WARN_INFINITE_RECURSION = YES;
				CLANG_WARN_INT_CONVERSION = YES;
				CLANG_WARN_NON_LITERAL_NULL_CONVERSION = YES;
				CLANG_WARN_OBJC_IMPLICIT_RETAIN_SELF = YES;
				CLANG_WARN_OBJC_LITERAL_CONVERSION = YES;
				CLANG_WARN_OBJC_ROOT_CLASS = YES_ERROR;
				CLANG_WARN_QUOTED_INCLUDE_IN_FRAMEWORK_HEADER = YES;
				CLANG_WARN_RANGE_LOOP_ANALYSIS = YES;
				CLANG_WARN_STRICT_PROTOTYPES = YES;
				CLANG_WARN_SUSPICIOUS_MOVE = YES;
				CLANG_WARN_UNGUARDED_AVAILABILITY = YES_AGGRESSIVE;
				CLANG_WARN_UNREACHABLE_CODE = YES;
				CLANG_WARN__DUPLICATE_METHOD_MATCH = YES;
				COPY_PHASE_STRIP = NO;
				DEBUG_INFORMATION_FORMAT = dwarf;
				ENABLE_STRICT_OBJC_MSGSEND = YES;
				ENABLE_TESTABILITY = YES;
				GCC_C_LANGUAGE_STANDARD = gnu11;
				GCC_DYNAMIC_NO_PIC = NO;
				GCC_NO_COMMON_BLOCKS = YES;
				GCC_OPTIMIZATION_LEVEL = 0;
				GCC_PREPROCESSOR_DEFINITIONS = (
					"DEBUG=1",
					"$(inherited)",
				);
				GCC_WARN_64_TO_32_BIT_CONVERSION = YES;
				GCC_WARN_ABOUT_RETURN_TYPE = YES_ERROR;
				GCC_WARN_UNDECLARED_SELECTOR = YES;
				GCC_WARN_UNINITIALIZED_AUTOS = YES_AGGRESSIVE;
				GCC_WARN_UNUSED_FUNCTION = YES;
				GCC_WARN_UNUSED_VARIABLE = YES;
				IPHONEOS_DEPLOYMENT_TARGET = 16.4;
				MTL_ENABLE_DEBUG_INFO = INCLUDE_SOURCE;
				MTL_FAST_MATH = YES;
				ONLY_ACTIVE_ARCH = YES;
				SDKROOT = iphoneos;
				SWIFT_ACTIVE_COMPILATION_CONDITIONS = DEBUG;
				SWIFT_OPTIMIZATION_LEVEL = "-Onone";
			};
			name = Debug;
		};
		FB5136C82AB754270011DE07 /* Release */ = {
			isa = XCBuildConfiguration;
			buildSettings = {
				ALWAYS_SEARCH_USER_PATHS = NO;
				CLANG_ANALYZER_NONNULL = YES;
				CLANG_ANALYZER_NUMBER_OBJECT_CONVERSION = YES_AGGRESSIVE;
				CLANG_CXX_LANGUAGE_STANDARD = "gnu++20";
				CLANG_ENABLE_MODULES = YES;
				CLANG_ENABLE_OBJC_ARC = YES;
				CLANG_ENABLE_OBJC_WEAK = YES;
				CLANG_WARN_BLOCK_CAPTURE_AUTORELEASING = YES;
				CLANG_WARN_BOOL_CONVERSION = YES;
				CLANG_WARN_COMMA = YES;
				CLANG_WARN_CONSTANT_CONVERSION = YES;
				CLANG_WARN_DEPRECATED_OBJC_IMPLEMENTATIONS = YES;
				CLANG_WARN_DIRECT_OBJC_ISA_USAGE = YES_ERROR;
				CLANG_WARN_DOCUMENTATION_COMMENTS = YES;
				CLANG_WARN_EMPTY_BODY = YES;
				CLANG_WARN_ENUM_CONVERSION = YES;
				CLANG_WARN_INFINITE_RECURSION = YES;
				CLANG_WARN_INT_CONVERSION = YES;
				CLANG_WARN_NON_LITERAL_NULL_CONVERSION = YES;
				CLANG_WARN_OBJC_IMPLICIT_RETAIN_SELF = YES;
				CLANG_WARN_OBJC_LITERAL_CONVERSION = YES;
				CLANG_WARN_OBJC_ROOT_CLASS = YES_ERROR;
				CLANG_WARN_QUOTED_INCLUDE_IN_FRAMEWORK_HEADER = YES;
				CLANG_WARN_RANGE_LOOP_ANALYSIS = YES;
				CLANG_WARN_STRICT_PROTOTYPES = YES;
				CLANG_WARN_SUSPICIOUS_MOVE = YES;
				CLANG_WARN_UNGUARDED_AVAILABILITY = YES_AGGRESSIVE;
				CLANG_WARN_UNREACHABLE_CODE = YES;
				CLANG_WARN__DUPLICATE_METHOD_MATCH = YES;
				COPY_PHASE_STRIP = NO;
				DEBUG_INFORMATION_FORMAT = "dwarf-with-dsym";
				ENABLE_NS_ASSERTIONS = NO;
				ENABLE_STRICT_OBJC_MSGSEND = YES;
				GCC_C_LANGUAGE_STANDARD = gnu11;
				GCC_NO_COMMON_BLOCKS = YES;
				GCC_WARN_64_TO_32_BIT_CONVERSION = YES;
				GCC_WARN_ABOUT_RETURN_TYPE = YES_ERROR;
				GCC_WARN_UNDECLARED_SELECTOR = YES;
				GCC_WARN_UNINITIALIZED_AUTOS = YES_AGGRESSIVE;
				GCC_WARN_UNUSED_FUNCTION = YES;
				GCC_WARN_UNUSED_VARIABLE = YES;
				IPHONEOS_DEPLOYMENT_TARGET = 16.4;
				MTL_ENABLE_DEBUG_INFO = NO;
				MTL_FAST_MATH = YES;
				SDKROOT = iphoneos;
				SWIFT_COMPILATION_MODE = wholemodule;
				SWIFT_OPTIMIZATION_LEVEL = "-O";
				VALIDATE_PRODUCT = YES;
			};
			name = Release;
		};
		FB5136CA2AB754270011DE07 /* Debug */ = {
			isa = XCBuildConfiguration;
			buildSettings = {
				ASSETCATALOG_COMPILER_APPICON_NAME = AppIcon;
				ASSETCATALOG_COMPILER_GLOBAL_ACCENT_COLOR_NAME = AccentColor;
				CODE_SIGN_STYLE = Automatic;
				CURRENT_PROJECT_VERSION = 1;
				DEVELOPMENT_ASSET_PATHS = "\"Zikirin Counter/Preview Content\"";
				DEVELOPMENT_TEAM = Z824M97CF2;
				ENABLE_PREVIEWS = YES;
				GENERATE_INFOPLIST_FILE = YES;
				INFOPLIST_KEY_UIApplicationSceneManifest_Generation = YES;
				INFOPLIST_KEY_UIApplicationSupportsIndirectInputEvents = YES;
				INFOPLIST_KEY_UILaunchScreen_Generation = YES;
				INFOPLIST_KEY_UISupportedInterfaceOrientations_iPad = "UIInterfaceOrientationPortrait UIInterfaceOrientationPortraitUpsideDown UIInterfaceOrientationLandscapeLeft UIInterfaceOrientationLandscapeRight";
				INFOPLIST_KEY_UISupportedInterfaceOrientations_iPhone = "UIInterfaceOrientationPortrait UIInterfaceOrientationLandscapeLeft UIInterfaceOrientationLandscapeRight";
				LD_RUNPATH_SEARCH_PATHS = (
					"$(inherited)",
					"@executable_path/Frameworks",
				);
				MARKETING_VERSION = 1.0;
				PRODUCT_BUNDLE_IDENTIFIER = "com.hafizhmo.Zikirin-Counter";
				PRODUCT_NAME = "$(TARGET_NAME)";
				SWIFT_EMIT_LOC_STRINGS = YES;
				SWIFT_VERSION = 5.0;
				TARGETED_DEVICE_FAMILY = "1,2";
			};
			name = Debug;
		};
		FB5136CB2AB754270011DE07 /* Release */ = {
			isa = XCBuildConfiguration;
			buildSettings = {
				ASSETCATALOG_COMPILER_APPICON_NAME = AppIcon;
				ASSETCATALOG_COMPILER_GLOBAL_ACCENT_COLOR_NAME = AccentColor;
				CODE_SIGN_STYLE = Automatic;
				CURRENT_PROJECT_VERSION = 1;
				DEVELOPMENT_ASSET_PATHS = "\"Zikirin Counter/Preview Content\"";
				DEVELOPMENT_TEAM = Z824M97CF2;
				ENABLE_PREVIEWS = YES;
				GENERATE_INFOPLIST_FILE = YES;
				INFOPLIST_KEY_UIApplicationSceneManifest_Generation = YES;
				INFOPLIST_KEY_UIApplicationSupportsIndirectInputEvents = YES;
				INFOPLIST_KEY_UILaunchScreen_Generation = YES;
				INFOPLIST_KEY_UISupportedInterfaceOrientations_iPad = "UIInterfaceOrientationPortrait UIInterfaceOrientationPortraitUpsideDown UIInterfaceOrientationLandscapeLeft UIInterfaceOrientationLandscapeRight";
				INFOPLIST_KEY_UISupportedInterfaceOrientations_iPhone = "UIInterfaceOrientationPortrait UIInterfaceOrientationLandscapeLeft UIInterfaceOrientationLandscapeRight";
				LD_RUNPATH_SEARCH_PATHS = (
					"$(inherited)",
					"@executable_path/Frameworks",
				);
				MARKETING_VERSION = 1.0;
				PRODUCT_BUNDLE_IDENTIFIER = "com.hafizhmo.Zikirin-Counter";
				PRODUCT_NAME = "$(TARGET_NAME)";
				SWIFT_EMIT_LOC_STRINGS = YES;
				SWIFT_VERSION = 5.0;
				TARGETED_DEVICE_FAMILY = "1,2";
			};
			name = Release;
		};
/* End XCBuildConfiguration section */

/* Begin XCConfigurationList section */
		FB5136B62AB754250011DE07 /* Build configuration list for PBXProject "Zikirin Counter" */ = {
			isa = XCConfigurationList;
			buildConfigurations = (
				FB5136C72AB754270011DE07 /* Debug */,
				FB5136C82AB754270011DE07 /* Release */,
			);
			defaultConfigurationIsVisible = 0;
			defaultConfigurationName = Release;
		};
		FB5136C92AB754270011DE07 /* Build configuration list for PBXNativeTarget "Zikirin Counter" */ = {
			isa = XCConfigurationList;
			buildConfigurations = (
				FB5136CA2AB754270011DE07 /* Debug */,
				FB5136CB2AB754270011DE07 /* Release */,
			);
			defaultConfigurationIsVisible = 0;
			defaultConfigurationName = Release;
		};
/* End XCConfigurationList section */

/* Begin XCRemoteSwiftPackageReference section */
		FB1ADFDF2AB7AF8000941D14 /* XCRemoteSwiftPackageReference "firebase-ios-sdk" */ = {
			isa = XCRemoteSwiftPackageReference;
			repositoryURL = "https://github.com/firebase/firebase-ios-sdk";
			requirement = {
				kind = upToNextMajorVersion;
				minimumVersion = 10.0.0;
			};
		};
/* End XCRemoteSwiftPackageReference section */

/* Begin XCSwiftPackageProductDependency section */
		FB1ADFE02AB7AF8000941D14 /* FirebaseDatabase */ = {
			isa = XCSwiftPackageProductDependency;
			package = FB1ADFDF2AB7AF8000941D14 /* XCRemoteSwiftPackageReference "firebase-ios-sdk" */;
			productName = FirebaseDatabase;
		};
		FB1ADFE22AB7AF8000941D14 /* FirebaseDatabaseSwift */ = {
			isa = XCSwiftPackageProductDependency;
			package = FB1ADFDF2AB7AF8000941D14 /* XCRemoteSwiftPackageReference "firebase-ios-sdk" */;
			productName = FirebaseDatabaseSwift;
		};
/* End XCSwiftPackageProductDependency section */
	};
	rootObject = FB5136B32AB754250011DE07 /* Project object */;
}
